
Microsoft Visual Studio Solution File, Format Version 12.00
# Visual Studio Version 17
VisualStudioVersion = 17.5.002.0
MinimumVisualStudioVersion = 10.0.40219.1
Project("{9A19103F-16F7-4668-BE54-9A1E7A4F7556}") = "Lagrange.Core", "Lagrange.Core.csproj", "{34B11AFB-3976-43CD-A7C1-7F8AE95D0847}"
EndProject
Global
	GlobalSection(SolutionConfigurationPlatforms) = preSolution
		Debug|Any CPU = Debug|Any CPU
		Release|Any CPU = Release|Any CPU
	EndGlobalSection
	GlobalSection(ProjectConfigurationPlatforms) = postSolution
		{34B11AFB-3976-43CD-A7C1-7F8AE95D0847}.Debug|Any CPU.ActiveCfg = Debug|Any CPU
		{34B11AFB-3976-43CD-A7C1-7F8AE95D0847}.Debug|Any CPU.Build.0 = Debug|Any CPU
		{34B11AFB-3976-43CD-A7C1-7F8AE95D0847}.Release|Any CPU.ActiveCfg = Release|Any CPU
		{34B11AFB-3976-43CD-A7C1-7F8AE95D0847}.Release|Any CPU.Build.0 = Release|Any CPU
	EndGlobalSection
	GlobalSection(SolutionProperties) = preSolution
		HideSolutionNode = FALSE
	EndGlobalSection
	GlobalSection(ExtensibilityGlobals) = postSolution
		SolutionGuid = {78863D5B-BEC2-414A-95F9-41413D28CF2C}
	EndGlobalSection
EndGlobal
